
Microsoft Visual Studio Solution File, Format Version 12.00
# Visual Studio Version 16
VisualStudioVersion = 16.0.34031.81
MinimumVisualStudioVersion = 10.0.40219.1
Project("{F184B08F-C81C-45F6-A57F-5ABD9991F28F}") = "RobocopyBackupGUI", "RobocopyBackupGUI\RobocopyBackupGUI.vbproj", "{9E689C0C-BA05-42A0-A384-FD86280714CC}"
	ProjectSection(ProjectDependencies) = postProject
		{73EA0A99-36DA-4FAC-AE9D-97B86690CCE9} = {73EA0A99-36DA-4FAC-AE9D-97B86690CCE9}
	EndProjectSection
EndProject
Project("{F184B08F-C81C-45F6-A57F-5ABD9991F28F}") = "RobocopyBackupService", "RobocopyBackupService\RobocopyBackupService.vbproj", "{73EA0A99-36DA-4FAC-AE9D-97B86690CCE9}"
EndProject
Project("{2150E333-8FDC-42A3-9474-1A3956D46DE8}") = "Solution Items", "Solution Items", "{A837A847-119B-4BA5-841B-1DECA97BA484}"
	ProjectSection(SolutionItems) = preProject
		.editorconfig = .editorconfig
	EndProjectSection
EndProject
Global
	GlobalSection(SolutionConfigurationPlatforms) = preSolution
		Debug|Any CPU = Debug|Any CPU
		Release|Any CPU = Release|Any CPU
	EndGlobalSection
	GlobalSection(ProjectConfigurationPlatforms) = postSolution
		{9E689C0C-BA05-42A0-A384-FD86280714CC}.Debug|Any CPU.ActiveCfg = Debug|Any CPU
		{9E689C0C-BA05-42A0-A384-FD86280714CC}.Debug|Any CPU.Build.0 = Debug|Any CPU
		{9E689C0C-BA05-42A0-A384-FD86280714CC}.Release|Any CPU.ActiveCfg = Release|Any CPU
		{9E689C0C-BA05-42A0-A384-FD86280714CC}.Release|Any CPU.Build.0 = Release|Any CPU
		{73EA0A99-36DA-4FAC-AE9D-97B86690CCE9}.Debug|Any CPU.ActiveCfg = Debug|Any CPU
		{73EA0A99-36DA-4FAC-AE9D-97B86690CCE9}.Debug|Any CPU.Build.0 = Debug|Any CPU
		{73EA0A99-36DA-4FAC-AE9D-97B86690CCE9}.Release|Any CPU.ActiveCfg = Release|Any CPU
		{73EA0A99-36DA-4FAC-AE9D-97B86690CCE9}.Release|Any CPU.Build.0 = Release|Any CPU
	EndGlobalSection
	GlobalSection(SolutionProperties) = preSolution
		HideSolutionNode = FALSE
	EndGlobalSection
	GlobalSection(ExtensibilityGlobals) = postSolution
		SolutionGuid = {6A157A2A-DC6B-4EC0-AC9D-D1807A189CC6}
	EndGlobalSection
EndGlobal
